
Microsoft Visual Studio Solution File, Format Version 12.00
# Visual Studio Version 16
VisualStudioVersion = 16.0.32802.440
MinimumVisualStudioVersion = 10.0.40219.1
Project("{FAE04EC0-301F-11D3-BF4B-00C04F79EFBC}") = "LinearEquationResolvers", "LinearEquationResolvers.csproj", "{ADD47F80-678A-43F7-A4AA-150F6F001BC0}"
EndProject
Global
	GlobalSection(SolutionConfigurationPlatforms) = preSolution
		Debug|Any CPU = Debug|Any CPU
		Release|Any CPU = Release|Any CPU
	EndGlobalSection
	GlobalSection(ProjectConfigurationPlatforms) = postSolution
		{ADD47F80-678A-43F7-A4AA-150F6F001BC0}.Debug|Any CPU.ActiveCfg = Debug|Any CPU
		{ADD47F80-678A-43F7-A4AA-150F6F001BC0}.Debug|Any CPU.Build.0 = Debug|Any CPU
		{ADD47F80-678A-43F7-A4AA-150F6F001BC0}.Release|Any CPU.ActiveCfg = Release|Any CPU
		{ADD47F80-678A-43F7-A4AA-150F6F001BC0}.Release|Any CPU.Build.0 = Release|Any CPU
	EndGlobalSection
	GlobalSection(SolutionProperties) = preSolution
		HideSolutionNode = FALSE
	EndGlobalSection
	GlobalSection(ExtensibilityGlobals) = postSolution
		SolutionGuid = {6EFA1DE5-1D4A-459A-8008-1C67E24FAAC1}
	EndGlobalSection
EndGlobal
